
Microsoft Visual Studio Solution File, Format Version 12.00
# Visual Studio 15
Project("{FAE04EC0-301F-11D3-BF4B-00C04F79EFBC}") = "Lab5POO", "Lab5POO.csproj", "{8F9877EE-714B-44BF-9943-057A6C615153}"
EndProject
Global
	GlobalSection(SolutionConfigurationPlatforms) = preSolution
		Debug|anycpu = Debug|anycpu
		Release|anycpu = Release|anycpu
	EndGlobalSection
	GlobalSection(ProjectConfigurationPlatforms) = postSolution
		{8F9877EE-714B-44BF-9943-057A6C615153}.Debug|anycpu.ActiveCfg = Debug|anycpu
		{8F9877EE-714B-44BF-9943-057A6C615153}.Debug|anycpu.Build.0 = Debug|anycpu
		{8F9877EE-714B-44BF-9943-057A6C615153}.Release|anycpu.ActiveCfg = Release|anycpu
		{8F9877EE-714B-44BF-9943-057A6C615153}.Release|anycpu.Build.0 = Release|anycpu
	EndGlobalSection
EndGlobal
